{
    "hash": "e44dc34da0547c91b45a4ff82a6aab0b",
    "packages": [
        {
            "name": "facebook/php-sdk",
            "version": "dev-master",
            "source": {
                "type": "git",
                "url": "git://github.com/facebook/facebook-php-sdk.git",
                "reference": "aecd4bfba0b5bd8e237269732cea7da2f8f1a34c"
            },
            "dist": {
                "type": "zip",
                "url": "https://github.com/facebook/facebook-php-sdk/archive/aecd4bfba0b5bd8e237269732cea7da2f8f1a34c.zip",
                "reference": "aecd4bfba0b5bd8e237269732cea7da2f8f1a34c",
                "shasum": ""
            },
            "require": {
                "php": ">=5.2.0",
                "ext-curl": "*",
                "ext-json": "*"
            },
            "time": "2012-12-11 22:31:03",
            "type": "library",
            "installation-source": "source",
            "autoload": {
                "classmap": [
                    "src"
                ]
            },
            "notification-url": "https://packagist.org/downloads/",
            "license": [
                "Apache2"
            ],
            "authors": [
                {
                    "name": "Facebook",
                    "homepage": "https://github.com/facebook/facebook-php-sdk/contributors"
                }
            ],
            "description": "Facebook PHP SDK",
            "homepage": "https://github.com/facebook/facebook-php-sdk",
            "keywords": [
                "facebook",
                "sdk"
            ]
        },
        {
            "name": "symfony/http-foundation",
            "version": "dev-master",
            "target-dir": "Symfony/Component/HttpFoundation",
            "source": {
                "type": "git",
                "url": "https://github.com/symfony/HttpFoundation",
                "reference": "65cdb4417e8d74e1a58701fce8c80a276489fcc5"
            },
            "dist": {
                "type": "zip",
                "url": "https://github.com/symfony/HttpFoundation/archive/65cdb4417e8d74e1a58701fce8c80a276489fcc5.zip",
                "reference": "65cdb4417e8d74e1a58701fce8c80a276489fcc5",
                "shasum": ""
            },
            "require": {
                "php": ">=5.3.3"
            },
            "time": "2012-12-29 13:43:44",
            "type": "library",
            "extra": {
                "branch-alias": {
                    "dev-master": "2.2-dev"
                }
            },
            "installation-source": "source",
            "autoload": {
                "psr-0": {
                    "Symfony\\Component\\HttpFoundation\\": ""
                },
                "classmap": [
                    "Symfony/Component/HttpFoundation/Resources/stubs"
                ]
            },
            "notification-url": "https://packagist.org/downloads/",
            "license": [
                "MIT"
            ],
            "authors": [
                {
                    "name": "Fabien Potencier",
                    "email": "fabien@symfony.com"
                },
                {
                    "name": "Symfony Community",
                    "homepage": "http://symfony.com/contributors"
                }
            ],
            "description": "Symfony HttpFoundation Component",
            "homepage": "http://symfony.com"
        }
    ],
    "packages-dev": null,
    "aliases": [

    ],
    "minimum-stability": "stable",
    "stability-flags": {
        "symfony/http-foundation": 20,
        "facebook/php-sdk": 20
    }
}
